
Microsoft Visual Studio Solution File, Format Version 12.00
# Visual Studio 15
VisualStudioVersion = 15.0.28307.329
MinimumVisualStudioVersion = 10.0.40219.1
Project("{9A19103F-16F7-4668-BE54-9A1E7A4F7556}") = "Практическая 20", "Практическая 19\Практическая 20.csproj", "{ACD02507-9F32-409D-93BE-236CC424199E}"
EndProject
Global
	GlobalSection(SolutionConfigurationPlatforms) = preSolution
		Debug|Any CPU = Debug|Any CPU
		Release|Any CPU = Release|Any CPU
	EndGlobalSection
	GlobalSection(ProjectConfigurationPlatforms) = postSolution
		{ACD02507-9F32-409D-93BE-236CC424199E}.Debug|Any CPU.ActiveCfg = Debug|Any CPU
		{ACD02507-9F32-409D-93BE-236CC424199E}.Debug|Any CPU.Build.0 = Debug|Any CPU
		{ACD02507-9F32-409D-93BE-236CC424199E}.Release|Any CPU.ActiveCfg = Release|Any CPU
		{ACD02507-9F32-409D-93BE-236CC424199E}.Release|Any CPU.Build.0 = Release|Any CPU
	EndGlobalSection
	GlobalSection(SolutionProperties) = preSolution
		HideSolutionNode = FALSE
	EndGlobalSection
	GlobalSection(ExtensibilityGlobals) = postSolution
		SolutionGuid = {F22D8F57-0738-4408-A524-A8472E41B5A3}
	EndGlobalSection
EndGlobal
